Microsoft Visual Studio Solution File, Format Version 12.00
# Visual Studio Version 17
VisualStudioVersion = 17.5.2.0
MinimumVisualStudioVersion = 10.0.40219.1
Project("{FAE04EC0-301F-11D3-BF4B-00C04F79EFBC}") = "DataDriven", "DataDriven.csproj", "{DCD98303-735C-024F-5920-F3DE39615A2A}"
EndProject
Global
	GlobalSection(SolutionConfigurationPlatforms) = preSolution
		Debug|Any CPU = Debug|Any CPU
		Release|Any CPU = Release|Any CPU
	EndGlobalSection
	GlobalSection(ProjectConfigurationPlatforms) = postSolution
		{DCD98303-735C-024F-5920-F3DE39615A2A}.Debug|Any CPU.ActiveCfg = Debug|Any CPU
		{DCD98303-735C-024F-5920-F3DE39615A2A}.Debug|Any CPU.Build.0 = Debug|Any CPU
		{DCD98303-735C-024F-5920-F3DE39615A2A}.Release|Any CPU.ActiveCfg = Release|Any CPU
		{DCD98303-735C-024F-5920-F3DE39615A2A}.Release|Any CPU.Build.0 = Release|Any CPU
	EndGlobalSection
	GlobalSection(SolutionProperties) = preSolution
		HideSolutionNode = FALSE
	EndGlobalSection
	GlobalSection(ExtensibilityGlobals) = postSolution
		SolutionGuid = {D7D0E9B0-F9D8-4406-8061-D44A1523DDB6}
	EndGlobalSection
EndGlobal
